// !$*UTF8*$!
{
	archiveVersion = 1;
	classes = {
	};
	objectVersion = 46;
	objects = {

/* Begin PBXAggregateTarget section */
		409CC64F18F706F100781B75 /* Framework */ = {
			isa = PBXAggregateTarget;
			buildConfigurationList = 409CC65018F706F100781B75 /* Build configuration list for PBXAggregateTarget "Framework" */;
			buildPhases = (
				409CC65518F7071400781B75 /* ShellScript */,
			);
			dependencies = (
				409CC68B18F724F900781B75 /* PBXTargetDependency */,
				409CC65418F7070600781B75 /* PBXTargetDependency */,
			);
			name = Framework;
			productName = Framework;
		};
/* End PBXAggregateTarget section */

/* Begin PBXBuildFile section */
		409CC64C18F7041900781B75 /* GAEChannel.h in Headers */ = {isa = PBXBuildFile; fileRef = 925D53DFB8D6D648CEBEF75B /* GAEChannel.h */; settings = {ATTRIBUTES = (Public, ); }; };
		409CC64E18F7063E00781B75 /* UIKit.framework in Frameworks */ = {isa = PBXBuildFile; fileRef = 925D50E589E8B61CFDBDDD74 /* UIKit.framework */; };
		409CC67F18F724E300781B75 /* CoreFoundation.framework in Frameworks */ = {isa = PBXBuildFile; fileRef = 409CC65D18F7195F00781B75 /* CoreFoundation.framework */; };
		409CC68518F724E300781B75 /* InfoPlist.strings in Resources */ = {isa = PBXBuildFile; fileRef = 409CC68318F724E300781B75 /* InfoPlist.strings */; };
		409CC6CD18F8297800781B75 /* AFHTTPRequestOperation.m in Sources */ = {isa = PBXBuildFile; fileRef = 409CC6BB18F8297800781B75 /* AFHTTPRequestOperation.m */; };
		409CC6CE18F8297800781B75 /* AFHTTPRequestOperationManager.m in Sources */ = {isa = PBXBuildFile; fileRef = 409CC6BD18F8297800781B75 /* AFHTTPRequestOperationManager.m */; };
		409CC6CF18F8297800781B75 /* AFHTTPSessionManager.m in Sources */ = {isa = PBXBuildFile; fileRef = 409CC6BF18F8297800781B75 /* AFHTTPSessionManager.m */; };
		409CC6D018F8297800781B75 /* AFNetworkReachabilityManager.m in Sources */ = {isa = PBXBuildFile; fileRef = 409CC6C218F8297800781B75 /* AFNetworkReachabilityManager.m */; };
		409CC6D118F8297800781B75 /* AFSecurityPolicy.m in Sources */ = {isa = PBXBuildFile; fileRef = 409CC6C418F8297800781B75 /* AFSecurityPolicy.m */; };
		409CC6D218F8297800781B75 /* AFURLConnectionOperation.m in Sources */ = {isa = PBXBuildFile; fileRef = 409CC6C618F8297800781B75 /* AFURLConnectionOperation.m */; };
		409CC6D318F8297800781B75 /* AFURLRequestSerialization.m in Sources */ = {isa = PBXBuildFile; fileRef = 409CC6C818F8297800781B75 /* AFURLRequestSerialization.m */; };
		409CC6D418F8297800781B75 /* AFURLResponseSerialization.m in Sources */ = {isa = PBXBuildFile; fileRef = 409CC6CA18F8297800781B75 /* AFURLResponseSerialization.m */; };
		409CC6D518F8297800781B75 /* AFURLSessionManager.m in Sources */ = {isa = PBXBuildFile; fileRef = 409CC6CC18F8297800781B75 /* AFURLSessionManager.m */; };
		409CC6DB18F8422A00781B75 /* Foundation.framework in Frameworks */ = {isa = PBXBuildFile; fileRef = 925D57F6C7ABBC15D5E14C54 /* Foundation.framework */; };
		409CC6DD18F8422A00781B75 /* CoreGraphics.framework in Frameworks */ = {isa = PBXBuildFile; fileRef = 409CC6DC18F8422A00781B75 /* CoreGraphics.framework */; };
		409CC6DE18F8422A00781B75 /* UIKit.framework in Frameworks */ = {isa = PBXBuildFile; fileRef = 925D50E589E8B61CFDBDDD74 /* UIKit.framework */; };
		409CC6E418F8422A00781B75 /* InfoPlist.strings in Resources */ = {isa = PBXBuildFile; fileRef = 409CC6E218F8422A00781B75 /* InfoPlist.strings */; };
		409CC6E618F8422A00781B75 /* main.m in Sources */ = {isa = PBXBuildFile; fileRef = 409CC6E518F8422A00781B75 /* main.m */; };
		409CC6EA18F8422A00781B75 /* AppDelegate.m in Sources */ = {isa = PBXBuildFile; fileRef = 409CC6E918F8422A00781B75 /* AppDelegate.m */; };
		409CC6EC18F8422A00781B75 /* Images.xcassets in Resources */ = {isa = PBXBuildFile; fileRef = 409CC6EB18F8422A00781B75 /* Images.xcassets */; };
		925D51A6DD5B5728B0884A1B /* XCTestCase+AsyncTesting.m in Sources */ = {isa = PBXBuildFile; fileRef = 925D5BD6AA2D0684C9107559 /* XCTestCase+AsyncTesting.m */; };
		925D51AC7BE3BE035CAAFF0D /* GAEChannelTests.m in Sources */ = {isa = PBXBuildFile; fileRef = 925D595EBDFF2F84D2BA16AB /* GAEChannelTests.m */; };
		925D51D600EACAD8ED788D03 /* view.html in Resources */ = {isa = PBXBuildFile; fileRef = 925D52C443AEF1F40A26AA44 /* view.html */; };
		925D534E31D8E5EBEAC1A8CD /* UIKit.framework in Frameworks */ = {isa = PBXBuildFile; fileRef = 925D50E589E8B61CFDBDDD74 /* UIKit.framework */; };
		925D56111097DF7C52EBFFD8 /* Foundation.framework in Frameworks */ = {isa = PBXBuildFile; fileRef = 925D57F6C7ABBC15D5E14C54 /* Foundation.framework */; };
		925D58132EB2169D7CAEFFAD /* GAEChannelDelegate.h in Headers */ = {isa = PBXBuildFile; fileRef = 925D51B2A4D2DBCB3684673A /* GAEChannelDelegate.h */; settings = {ATTRIBUTES = (Public, ); }; };
		925D5B18C026FDE302B5F2EF /* InfoPlist.strings in Resources */ = {isa = PBXBuildFile; fileRef = 925D5AFE7DC3ADA06D630422 /* InfoPlist.strings */; };
		925D5B361CC6FFCF41901812 /* GAEChannel.m in Sources */ = {isa = PBXBuildFile; fileRef = 925D544846BCB077FD79ECAE /* GAEChannel.m */; };
		925D5CCDF7B4ECBBA2D68C97 /* libGAEChannel.a in Frameworks */ = {isa = PBXBuildFile; fileRef = 925D5AA20B9A51A0C22F93D9 /* libGAEChannel.a */; };
		925D5DD28F3BCCDDD61AE7F0 /* XCTest.framework in Frameworks */ = {isa = PBXBuildFile; fileRef = 925D5E31348BE231E1FC1899 /* XCTest.framework */; };
		925D5E7F2671521BD6077162 /* Foundation.framework in Frameworks */ = {isa = PBXBuildFile; fileRef = 925D57F6C7ABBC15D5E14C54 /* Foundation.framework */; };
/* End PBXBuildFile section */

/* Begin PBXContainerItemProxy section */
		409CC65318F7070600781B75 /* PBXContainerItemProxy */ = {
			isa = PBXContainerItemProxy;
			containerPortal = 925D56CA00A4A36F340D3995 /* Project object */;
			proxyType = 1;
			remoteGlobalIDString = 925D5721DB3EF02D70A6DF85;
			remoteInfo = GAEChannel;
		};
		409CC68A18F724F900781B75 /* PBXContainerItemProxy */ = {
			isa = PBXContainerItemProxy;
			containerPortal = 925D56CA00A4A36F340D3995 /* Project object */;
			proxyType = 1;
			remoteGlobalIDString = 409CC67D18F724E300781B75;
			remoteInfo = GAEChannelResources;
		};
		409CC70518F842E400781B75 /* PBXContainerItemProxy */ = {
			isa = PBXContainerItemProxy;
			containerPortal = 925D56CA00A4A36F340D3995 /* Project object */;
			proxyType = 1;
			remoteGlobalIDString = 409CC6D918F8422A00781B75;
			remoteInfo = GAEChannelTestApp;
		};
		409CC70718F842EE00781B75 /* PBXContainerItemProxy */ = {
			isa = PBXContainerItemProxy;
			containerPortal = 925D56CA00A4A36F340D3995 /* Project object */;
			proxyType = 1;
			remoteGlobalIDString = 409CC67D18F724E300781B75;
			remoteInfo = GAEChannelResources;
		};
		925D5826B8D264FF4A7D0ACE /* PBXContainerItemProxy */ = {
			isa = PBXContainerItemProxy;
			containerPortal = 925D56CA00A4A36F340D3995 /* Project object */;
			proxyType = 1;
			remoteGlobalIDString = 925D5721DB3EF02D70A6DF85;
			remoteInfo = GAEChannel;
		};
/* End PBXContainerItemProxy section */

/* Begin PBXCopyFilesBuildPhase section */
		925D5ED3658F796C5EBBCA75 /* CopyFiles */ = {
			isa = PBXCopyFilesBuildPhase;
			buildActionMask = 2147483647;
			dstPath = "";
			dstSubfolderSpec = 16;
			files = (
			);
			runOnlyForDeploymentPostprocessing = 0;
		};
/* End PBXCopyFilesBuildPhase section */

/* Begin PBXFileReference section */
		409CC65D18F7195F00781B75 /* CoreFoundation.framework */ = {isa = PBXFileReference; lastKnownFileType = wrapper.framework; name = CoreFoundation.framework; path = System/Library/Frameworks/CoreFoundation.framework; sourceTree = SDKROOT; };
		409CC67E18F724E300781B75 /* GAEChannel.bundle */ = {isa = PBXFileReference; explicitFileType = wrapper.cfbundle; includeInIndex = 0; path = GAEChannel.bundle; sourceTree = BUILT_PRODUCTS_DIR; };
		409CC68218F724E300781B75 /* GAEChannelResources-Info.plist */ = {isa = PBXFileReference; lastKnownFileType = text.plist.xml; path = "GAEChannelResources-Info.plist"; sourceTree = "<group>"; };
		409CC68418F724E300781B75 /* en */ = {isa = PBXFileReference; lastKnownFileType = text.plist.strings; name = en; path = en.lproj/InfoPlist.strings; sourceTree = "<group>"; };
		409CC68618F724E300781B75 /* GAEChannelResources-Prefix.pch */ = {isa = PBXFileReference; lastKnownFileType = sourcecode.c.h; path = "GAEChannelResources-Prefix.pch"; sourceTree = "<group>"; };
		409CC6BA18F8297800781B75 /* AFHTTPRequestOperation.h */ = {isa = PBXFileReference; fileEncoding = 4; lastKnownFileType = sourcecode.c.h; path = AFHTTPRequestOperation.h; sourceTree = "<group>"; };
		409CC6BB18F8297800781B75 /* AFHTTPRequestOperation.m */ = {isa = PBXFileReference; fileEncoding = 4; lastKnownFileType = sourcecode.c.objc; path = AFHTTPRequestOperation.m; sourceTree = "<group>"; };
		409CC6BC18F8297800781B75 /* AFHTTPRequestOperationManager.h */ = {isa = PBXFileReference; fileEncoding = 4; lastKnownFileType = sourcecode.c.h; path = AFHTTPRequestOperationManager.h; sourceTree = "<group>"; };
		409CC6BD18F8297800781B75 /* AFHTTPRequestOperationManager.m */ = {isa = PBXFileReference; fileEncoding = 4; lastKnownFileType = sourcecode.c.objc; path = AFHTTPRequestOperationManager.m; sourceTree = "<group>"; };
		409CC6BE18F8297800781B75 /* AFHTTPSessionManager.h */ = {isa = PBXFileReference; fileEncoding = 4; lastKnownFileType = sourcecode.c.h; path = AFHTTPSessionManager.h; sourceTree = "<group>"; };
		409CC6BF18F8297800781B75 /* AFHTTPSessionManager.m */ = {isa = PBXFileReference; fileEncoding = 4; lastKnownFileType = sourcecode.c.objc; path = AFHTTPSessionManager.m; sourceTree = "<group>"; };
		409CC6C018F8297800781B75 /* AFNetworking.h */ = {isa = PBXFileReference; fileEncoding = 4; lastKnownFileType = sourcecode.c.h; path = AFNetworking.h; sourceTree = "<group>"; };
		409CC6C118F8297800781B75 /* AFNetworkReachabilityManager.h */ = {isa = PBXFileReference; fileEncoding = 4; lastKnownFileType = sourcecode.c.h; path = AFNetworkReachabilityManager.h; sourceTree = "<group>"; };
		409CC6C218F8297800781B75 /* AFNetworkReachabilityManager.m */ = {isa = PBXFileReference; fileEncoding = 4; lastKnownFileType = sourcecode.c.objc; path = AFNetworkReachabilityManager.m; sourceTree = "<group>"; };
		409CC6C318F8297800781B75 /* AFSecurityPolicy.h */ = {isa = PBXFileReference; fileEncoding = 4; lastKnownFileType = sourcecode.c.h; path = AFSecurityPolicy.h; sourceTree = "<group>"; };
		409CC6C418F8297800781B75 /* AFSecurityPolicy.m */ = {isa = PBXFileReference; fileEncoding = 4; lastKnownFileType = sourcecode.c.objc; path = AFSecurityPolicy.m; sourceTree = "<group>"; };
		409CC6C518F8297800781B75 /* AFURLConnectionOperation.h */ = {isa = PBXFileReference; fileEncoding = 4; lastKnownFileType = sourcecode.c.h; path = AFURLConnectionOperation.h; sourceTree = "<group>"; };
		409CC6C618F8297800781B75 /* AFURLConnectionOperation.m */ = {isa = PBXFileReference; fileEncoding = 4; lastKnownFileType = sourcecode.c.objc; path = AFURLConnectionOperation.m; sourceTree = "<group>"; };
		409CC6C718F8297800781B75 /* AFURLRequestSerialization.h */ = {isa = PBXFileReference; fileEncoding = 4; lastKnownFileType = sourcecode.c.h; path = AFURLRequestSerialization.h; sourceTree = "<group>"; };
		409CC6C818F8297800781B75 /* AFURLRequestSerialization.m */ = {isa = PBXFileReference; fileEncoding = 4; lastKnownFileType = sourcecode.c.objc; path = AFURLRequestSerialization.m; sourceTree = "<group>"; };
		409CC6C918F8297800781B75 /* AFURLResponseSerialization.h */ = {isa = PBXFileReference; fileEncoding = 4; lastKnownFileType = sourcecode.c.h; path = AFURLResponseSerialization.h; sourceTree = "<group>"; };
		409CC6CA18F8297800781B75 /* AFURLResponseSerialization.m */ = {isa = PBXFileReference; fileEncoding = 4; lastKnownFileType = sourcecode.c.objc; path = AFURLResponseSerialization.m; sourceTree = "<group>"; };
		409CC6CB18F8297800781B75 /* AFURLSessionManager.h */ = {isa = PBXFileReference; fileEncoding = 4; lastKnownFileType = sourcecode.c.h; path = AFURLSessionManager.h; sourceTree = "<group>"; };
		409CC6CC18F8297800781B75 /* AFURLSessionManager.m */ = {isa = PBXFileReference; fileEncoding = 4; lastKnownFileType = sourcecode.c.objc; path = AFURLSessionManager.m; sourceTree = "<group>"; };
		409CC6DA18F8422A00781B75 /* GAEChannelTestApp.app */ = {isa = PBXFileReference; explicitFileType = wrapper.application; includeInIndex = 0; path = GAEChannelTestApp.app; sourceTree = BUILT_PRODUCTS_DIR; };
		409CC6DC18F8422A00781B75 /* CoreGraphics.framework */ = {isa = PBXFileReference; lastKnownFileType = wrapper.framework; name = CoreGraphics.framework; path = System/Library/Frameworks/CoreGraphics.framework; sourceTree = SDKROOT; };
		409CC6E118F8422A00781B75 /* GAEChannelTestApp-Info.plist */ = {isa = PBXFileReference; lastKnownFileType = text.plist.xml; path = "GAEChannelTestApp-Info.plist"; sourceTree = "<group>"; };
		409CC6E318F8422A00781B75 /* en */ = {isa = PBXFileReference; lastKnownFileType = text.plist.strings; name = en; path = en.lproj/InfoPlist.strings; sourceTree = "<group>"; };
		409CC6E518F8422A00781B75 /* main.m */ = {isa = PBXFileReference; lastKnownFileType = sourcecode.c.objc; path = main.m; sourceTree = "<group>"; };
		409CC6E718F8422A00781B75 /* GAEChannelTestApp-Prefix.pch */ = {isa = PBXFileReference; lastKnownFileType = sourcecode.c.h; path = "GAEChannelTestApp-Prefix.pch"; sourceTree = "<group>"; };
		409CC6E818F8422A00781B75 /* AppDelegate.h */ = {isa = PBXFileReference; lastKnownFileType = sourcecode.c.h; path = AppDelegate.h; sourceTree = "<group>"; };
		409CC6E918F8422A00781B75 /* AppDelegate.m */ = {isa = PBXFileReference; lastKnownFileType = sourcecode.c.objc; path = AppDelegate.m; sourceTree = "<group>"; };
		409CC6EB18F8422A00781B75 /* Images.xcassets */ = {isa = PBXFileReference; lastKnownFileType = folder.assetcatalog; path = Images.xcassets; sourceTree = "<group>"; };
		925D50E589E8B61CFDBDDD74 /* UIKit.framework */ = {isa = PBXFileReference; lastKnownFileType = wrapper.framework; name = UIKit.framework; path = System/Library/Frameworks/UIKit.framework; sourceTree = SDKROOT; };
		925D5193AF76D7BE6A9D67CB /* en */ = {isa = PBXFileReference; lastKnownFileType = text.plist.strings; name = en; path = en.lproj/InfoPlist.strings; sourceTree = "<group>"; };
		925D51B2A4D2DBCB3684673A /* GAEChannelDelegate.h */ = {isa = PBXFileReference; fileEncoding = 4; lastKnownFileType = sourcecode.c.h; path = GAEChannelDelegate.h; sourceTree = "<group>"; };
		925D52C443AEF1F40A26AA44 /* view.html */ = {isa = PBXFileReference; fileEncoding = 4; lastKnownFileType = text.html; path = view.html; sourceTree = "<group>"; };
		925D5326E64B594ED2110829 /* .gitignore */ = {isa = PBXFileReference; lastKnownFileType = file.gitignore; path = .gitignore; sourceTree = "<group>"; };
		925D53DFB8D6D648CEBEF75B /* GAEChannel.h */ = {isa = PBXFileReference; lastKnownFileType = sourcecode.c.h; path = GAEChannel.h; sourceTree = "<group>"; };
		925D544846BCB077FD79ECAE /* GAEChannel.m */ = {isa = PBXFileReference; lastKnownFileType = sourcecode.c.objc; path = GAEChannel.m; sourceTree = "<group>"; };
		925D569A4B8FBB811F2F2DE0 /* GAEChannel-Prefix.pch */ = {isa = PBXFileReference; lastKnownFileType = sourcecode.c.h; path = "GAEChannel-Prefix.pch"; sourceTree = "<group>"; };
		925D57EF13C1869FA10075FB /* GAEChannelTests.xctest */ = {isa = PBXFileReference; explicitFileType = wrapper.cfbundle; includeInIndex = 0; path = GAEChannelTests.xctest; sourceTree = BUILT_PRODUCTS_DIR; };
		925D57F6C7ABBC15D5E14C54 /* Foundation.framework */ = {isa = PBXFileReference; lastKnownFileType = wrapper.framework; name = Foundation.framework; path = System/Library/Frameworks/Foundation.framework; sourceTree = SDKROOT; };
		925D595EBDFF2F84D2BA16AB /* GAEChannelTests.m */ = {isa = PBXFileReference; lastKnownFileType = sourcecode.c.objc; path = GAEChannelTests.m; sourceTree = "<group>"; };
		925D59BA1FA719DE94664F40 /* XCTestCase+AsyncTesting.h */ = {isa = PBXFileReference; fileEncoding = 4; lastKnownFileType = sourcecode.c.h; path = "XCTestCase+AsyncTesting.h"; sourceTree = "<group>"; };
		925D5A12E116236E5FB9924D /* GAEChannelTests-Info.plist */ = {isa = PBXFileReference; lastKnownFileType = text.plist.info; path = "GAEChannelTests-Info.plist"; sourceTree = "<group>"; };
		925D5AA20B9A51A0C22F93D9 /* libGAEChannel.a */ = {isa = PBXFileReference; explicitFileType = archive.ar; includeInIndex = 0; path = libGAEChannel.a; sourceTree = BUILT_PRODUCTS_DIR; };
		925D5BD6AA2D0684C9107559 /* XCTestCase+AsyncTesting.m */ = {isa = PBXFileReference; fileEncoding = 4; lastKnownFileType = sourcecode.c.objc; path = "XCTestCase+AsyncTesting.m"; sourceTree = "<group>"; };
		925D5E31348BE231E1FC1899 /* XCTest.framework */ = {isa = PBXFileReference; lastKnownFileType = wrapper.framework; name = XCTest.framework; path = Library/Frameworks/XCTest.framework; sourceTree = DEVELOPER_DIR; };
/* End PBXFileReference section */

/* Begin PBXFrameworksBuildPhase section */
		409CC67B18F724E300781B75 /* Frameworks */ = {
			isa = PBXFrameworksBuildPhase;
			buildActionMask = 2147483647;
			files = (
				409CC67F18F724E300781B75 /* CoreFoundation.framework in Frameworks */,
			);
			runOnlyForDeploymentPostprocessing = 0;
		};
		409CC6D718F8422A00781B75 /* Frameworks */ = {
			isa = PBXFrameworksBuildPhase;
			buildActionMask = 2147483647;
			files = (
				409CC6DD18F8422A00781B75 /* CoreGraphics.framework in Frameworks */,
				409CC6DE18F8422A00781B75 /* UIKit.framework in Frameworks */,
				409CC6DB18F8422A00781B75 /* Foundation.framework in Frameworks */,
			);
			runOnlyForDeploymentPostprocessing = 0;
		};
		925D5AD17F033759F9D4D9AC /* Frameworks */ = {
			isa = PBXFrameworksBuildPhase;
			buildActionMask = 2147483647;
			files = (
				925D5DD28F3BCCDDD61AE7F0 /* XCTest.framework in Frameworks */,
				925D56111097DF7C52EBFFD8 /* Foundation.framework in Frameworks */,
				925D534E31D8E5EBEAC1A8CD /* UIKit.framework in Frameworks */,
				925D5CCDF7B4ECBBA2D68C97 /* libGAEChannel.a in Frameworks */,
			);
			runOnlyForDeploymentPostprocessing = 0;
		};
		925D5C9B5E8C59EC22D9E65F /* Frameworks */ = {
			isa = PBXFrameworksBuildPhase;
			buildActionMask = 2147483647;
			files = (
				409CC64E18F7063E00781B75 /* UIKit.framework in Frameworks */,
				925D5E7F2671521BD6077162 /* Foundation.framework in Frameworks */,
			);
			runOnlyForDeploymentPostprocessing = 0;
		};
/* End PBXFrameworksBuildPhase section */

/* Begin PBXGroup section */
		409CC68018F724E300781B75 /* GAEChannelResources */ = {
			isa = PBXGroup;
			children = (
				409CC68118F724E300781B75 /* Supporting Files */,
				925D52C443AEF1F40A26AA44 /* view.html */,
			);
			path = GAEChannelResources;
			sourceTree = "<group>";
		};
		409CC68118F724E300781B75 /* Supporting Files */ = {
			isa = PBXGroup;
			children = (
				409CC68218F724E300781B75 /* GAEChannelResources-Info.plist */,
				409CC68318F724E300781B75 /* InfoPlist.strings */,
				409CC68618F724E300781B75 /* GAEChannelResources-Prefix.pch */,
			);
			name = "Supporting Files";
			sourceTree = "<group>";
		};
		409CC6B918F8297800781B75 /* AFNetworking */ = {
			isa = PBXGroup;
			children = (
				409CC6BA18F8297800781B75 /* AFHTTPRequestOperation.h */,
				409CC6BB18F8297800781B75 /* AFHTTPRequestOperation.m */,
				409CC6BC18F8297800781B75 /* AFHTTPRequestOperationManager.h */,
				409CC6BD18F8297800781B75 /* AFHTTPRequestOperationManager.m */,
				409CC6BE18F8297800781B75 /* AFHTTPSessionManager.h */,
				409CC6BF18F8297800781B75 /* AFHTTPSessionManager.m */,
				409CC6C018F8297800781B75 /* AFNetworking.h */,
				409CC6C118F8297800781B75 /* AFNetworkReachabilityManager.h */,
				409CC6C218F8297800781B75 /* AFNetworkReachabilityManager.m */,
				409CC6C318F8297800781B75 /* AFSecurityPolicy.h */,
				409CC6C418F8297800781B75 /* AFSecurityPolicy.m */,
				409CC6C518F8297800781B75 /* AFURLConnectionOperation.h */,
				409CC6C618F8297800781B75 /* AFURLConnectionOperation.m */,
				409CC6C718F8297800781B75 /* AFURLRequestSerialization.h */,
				409CC6C818F8297800781B75 /* AFURLRequestSerialization.m */,
				409CC6C918F8297800781B75 /* AFURLResponseSerialization.h */,
				409CC6CA18F8297800781B75 /* AFURLResponseSerialization.m */,
				409CC6CB18F8297800781B75 /* AFURLSessionManager.h */,
				409CC6CC18F8297800781B75 /* AFURLSessionManager.m */,
			);
			path = AFNetworking;
			sourceTree = "<group>";
		};
		409CC6DF18F8422A00781B75 /* GAEChannelTestApp */ = {
			isa = PBXGroup;
			children = (
				409CC6E818F8422A00781B75 /* AppDelegate.h */,
				409CC6E918F8422A00781B75 /* AppDelegate.m */,
				409CC6EB18F8422A00781B75 /* Images.xcassets */,
				409CC6E018F8422A00781B75 /* Supporting Files */,
			);
			path = GAEChannelTestApp;
			sourceTree = "<group>";
		};
		409CC6E018F8422A00781B75 /* Supporting Files */ = {
			isa = PBXGroup;
			children = (
				409CC6E118F8422A00781B75 /* GAEChannelTestApp-Info.plist */,
				409CC6E218F8422A00781B75 /* InfoPlist.strings */,
				409CC6E518F8422A00781B75 /* main.m */,
				409CC6E718F8422A00781B75 /* GAEChannelTestApp-Prefix.pch */,
			);
			name = "Supporting Files";
			sourceTree = "<group>";
		};
		925D50C9D07726DFAEA57FD3 /* Supporting Files */ = {
			isa = PBXGroup;
			children = (
				925D569A4B8FBB811F2F2DE0 /* GAEChannel-Prefix.pch */,
			);
			name = "Supporting Files";
			sourceTree = "<group>";
		};
		925D50DCBEF8F55A22A94C41 /* Supporting Files */ = {
			isa = PBXGroup;
			children = (
				925D5A12E116236E5FB9924D /* GAEChannelTests-Info.plist */,
				925D5AFE7DC3ADA06D630422 /* InfoPlist.strings */,
			);
			name = "Supporting Files";
			sourceTree = "<group>";
		};
		925D55388E9C0530EF0C2A51 /* Products */ = {
			isa = PBXGroup;
			children = (
				925D5AA20B9A51A0C22F93D9 /* libGAEChannel.a */,
				925D57EF13C1869FA10075FB /* GAEChannelTests.xctest */,
				409CC67E18F724E300781B75 /* GAEChannel.bundle */,
				409CC6DA18F8422A00781B75 /* GAEChannelTestApp.app */,
			);
			name = Products;
			sourceTree = "<group>";
		};
		925D5B0817105FACDF879F1A /* GAEChannel */ = {
			isa = PBXGroup;
			children = (
				925D50C9D07726DFAEA57FD3 /* Supporting Files */,
				925D53DFB8D6D648CEBEF75B /* GAEChannel.h */,
				925D544846BCB077FD79ECAE /* GAEChannel.m */,
				925D51B2A4D2DBCB3684673A /* GAEChannelDelegate.h */,
			);
			path = GAEChannel;
			sourceTree = "<group>";
		};
		925D5C2BAA8282D2D20F13E7 /* GAEChannelTests */ = {
			isa = PBXGroup;
			children = (
				409CC6B918F8297800781B75 /* AFNetworking */,
				925D50DCBEF8F55A22A94C41 /* Supporting Files */,
				925D595EBDFF2F84D2BA16AB /* GAEChannelTests.m */,
				925D59BA1FA719DE94664F40 /* XCTestCase+AsyncTesting.h */,
				925D5BD6AA2D0684C9107559 /* XCTestCase+AsyncTesting.m */,
			);
			path = GAEChannelTests;
			sourceTree = "<group>";
		};
		925D5DADDB123E320368300E /* Frameworks */ = {
			isa = PBXGroup;
			children = (
				925D57F6C7ABBC15D5E14C54 /* Foundation.framework */,
				925D5E31348BE231E1FC1899 /* XCTest.framework */,
				925D50E589E8B61CFDBDDD74 /* UIKit.framework */,
				409CC65D18F7195F00781B75 /* CoreFoundation.framework */,
				409CC6DC18F8422A00781B75 /* CoreGraphics.framework */,
			);
			name = Frameworks;
			sourceTree = "<group>";
		};
		925D5FD4BAEC2B3201FED637 = {
			isa = PBXGroup;
			children = (
				409CC68018F724E300781B75 /* GAEChannelResources */,
				409CC6DF18F8422A00781B75 /* GAEChannelTestApp */,
				925D55388E9C0530EF0C2A51 /* Products */,
				925D5DADDB123E320368300E /* Frameworks */,
				925D5B0817105FACDF879F1A /* GAEChannel */,
				925D5C2BAA8282D2D20F13E7 /* GAEChannelTests */,
				925D5326E64B594ED2110829 /* .gitignore */,
			);
			sourceTree = "<group>";
		};
/* End PBXGroup section */

/* Begin PBXHeadersBuildPhase section */
		409CC64A18F7037A00781B75 /* Headers */ = {
			isa = PBXHeadersBuildPhase;
			buildActionMask = 2147483647;
			files = (
				409CC64C18F7041900781B75 /* GAEChannel.h in Headers */,
				925D58132EB2169D7CAEFFAD /* GAEChannelDelegate.h in Headers */,
			);
			runOnlyForDeploymentPostprocessing = 0;
		};
/* End PBXHeadersBuildPhase section */

/* Begin PBXNativeTarget section */
		409CC67D18F724E300781B75 /* GAEChannelResources */ = {
			isa = PBXNativeTarget;
			buildConfigurationList = 409CC68718F724E300781B75 /* Build configuration list for PBXNativeTarget "GAEChannelResources" */;
			buildPhases = (
				409CC67A18F724E300781B75 /* Sources */,
				409CC67B18F724E300781B75 /* Frameworks */,
				409CC67C18F724E300781B75 /* Resources */,
			);
			buildRules = (
			);
			dependencies = (
			);
			name = GAEChannelResources;
			productName = GAEChannelResources;
			productReference = 409CC67E18F724E300781B75 /* GAEChannel.bundle */;
			productType = "com.apple.product-type.bundle";
		};
		409CC6D918F8422A00781B75 /* GAEChannelTestApp */ = {
			isa = PBXNativeTarget;
			buildConfigurationList = 409CC6FF18F8422A00781B75 /* Build configuration list for PBXNativeTarget "GAEChannelTestApp" */;
			buildPhases = (
				409CC6D618F8422A00781B75 /* Sources */,
				409CC6D718F8422A00781B75 /* Frameworks */,
				409CC6D818F8422A00781B75 /* Resources */,
			);
			buildRules = (
			);
			dependencies = (
			);
			name = GAEChannelTestApp;
			productName = GAEChannelTestApp;
			productReference = 409CC6DA18F8422A00781B75 /* GAEChannelTestApp.app */;
			productType = "com.apple.product-type.application";
		};
		925D5721DB3EF02D70A6DF85 /* GAEChannel */ = {
			isa = PBXNativeTarget;
			buildConfigurationList = 925D5407EAC88D5F7A41F37A /* Build configuration list for PBXNativeTarget "GAEChannel" */;
			buildPhases = (
				925D5AEC78C4A375C9311937 /* Sources */,
				925D5C9B5E8C59EC22D9E65F /* Frameworks */,
				925D5ED3658F796C5EBBCA75 /* CopyFiles */,
				409CC64A18F7037A00781B75 /* Headers */,
				409CC64D18F7051D00781B75 /* ShellScript */,
			);
			buildRules = (
			);
			dependencies = (
			);
			name = GAEChannel;
			productName = GAEChannel;
			productReference = 925D5AA20B9A51A0C22F93D9 /* libGAEChannel.a */;
			productType = "com.apple.product-type.library.static";
		};
		925D5FF13A10BAC4B70C0249 /* GAEChannelTests */ = {
			isa = PBXNativeTarget;
			buildConfigurationList = 925D5313C267264EB03F2256 /* Build configuration list for PBXNativeTarget "GAEChannelTests" */;
			buildPhases = (
				925D534AC0FBF8C6D8F55917 /* Sources */,
				925D5AD17F033759F9D4D9AC /* Frameworks */,
				925D54B731BAD96951715505 /* Resources */,
			);
			buildRules = (
			);
			dependencies = (
				409CC70818F842EE00781B75 /* PBXTargetDependency */,
				409CC70618F842E400781B75 /* PBXTargetDependency */,
				925D5377FDD7CD87C05EE1D6 /* PBXTargetDependency */,
			);
			name = GAEChannelTests;
			productName = GAEChannelTests;
			productReference = 925D57EF13C1869FA10075FB /* GAEChannelTests.xctest */;
			productType = "com.apple.product-type.bundle.unit-test";
		};
/* End PBXNativeTarget section */

/* Begin PBXProject section */
		925D56CA00A4A36F340D3995 /* Project object */ = {
			isa = PBXProject;
			attributes = {
				ORGANIZATIONNAME = "Chiwan Park";
				TargetAttributes = {
					925D5FF13A10BAC4B70C0249 = {
						TestTargetID = 409CC6D918F8422A00781B75;
					};
				};
			};
			buildConfigurationList = 925D5144F739E3B7F29491A7 /* Build configuration list for PBXProject "GAEChannel" */;
			compatibilityVersion = "Xcode 3.2";
			developmentRegion = English;
			hasScannedForEncodings = 0;
			knownRegions = (
				en,
			);
			mainGroup = 925D5FD4BAEC2B3201FED637;
			productRefGroup = 925D55388E9C0530EF0C2A51 /* Products */;
			projectDirPath = "";
			projectRoot = "";
			targets = (
				925D5721DB3EF02D70A6DF85 /* GAEChannel */,
				925D5FF13A10BAC4B70C0249 /* GAEChannelTests */,
				409CC64F18F706F100781B75 /* Framework */,
				409CC67D18F724E300781B75 /* GAEChannelResources */,
				409CC6D918F8422A00781B75 /* GAEChannelTestApp */,
			);
		};
/* End PBXProject section */

/* Begin PBXResourcesBuildPhase section */
		409CC67C18F724E300781B75 /* Resources */ = {
			isa = PBXResourcesBuildPhase;
			buildActionMask = 2147483647;
			files = (
				409CC68518F724E300781B75 /* InfoPlist.strings in Resources */,
				925D51D600EACAD8ED788D03 /* view.html in Resources */,
			);
			runOnlyForDeploymentPostprocessing = 0;
		};
		409CC6D818F8422A00781B75 /* Resources */ = {
			isa = PBXResourcesBuildPhase;
			buildActionMask = 2147483647;
			files = (
				409CC6E418F8422A00781B75 /* InfoPlist.strings in Resources */,
				409CC6EC18F8422A00781B75 /* Images.xcassets in Resources */,
			);
			runOnlyForDeploymentPostprocessing = 0;
		};
		925D54B731BAD96951715505 /* Resources */ = {
			isa = PBXResourcesBuildPhase;
			buildActionMask = 2147483647;
			files = (
				925D5B18C026FDE302B5F2EF /* InfoPlist.strings in Resources */,
			);
			runOnlyForDeploymentPostprocessing = 0;
		};
/* End PBXResourcesBuildPhase section */

/* Begin PBXShellScriptBuildPhase section */
		409CC64D18F7051D00781B75 /* ShellScript */ = {
			isa = PBXShellScriptBuildPhase;
			buildActionMask = 2147483647;
			files = (
			);
			inputPaths = (
			);
			outputPaths = (
			);
			runOnlyForDeploymentPostprocessing = 0;
			shellPath = /bin/sh;
			shellScript = "set -e\n\nmkdir -p \"${BUILT_PRODUCTS_DIR}/${PRODUCT_NAME}.framework/Versions/A/Headers\"\n\n# Link the \"Current\" version to \"A\"\n/bin/ln -sfh A \"${BUILT_PRODUCTS_DIR}/${PRODUCT_NAME}.framework/Versions/Current\"\n/bin/ln -sfh Versions/Current/Headers \"${BUILT_PRODUCTS_DIR}/${PRODUCT_NAME}.framework/Headers\"\n/bin/ln -sfh \"Versions/Current/${PRODUCT_NAME}\" \"${BUILT_PRODUCTS_DIR}/${PRODUCT_NAME}.framework/${PRODUCT_NAME}\"\n\n# The -a ensures that the headers maintain the source modification date so that we don't constantly\n# cause propagating rebuilds of files that import these headers.\n/bin/cp -a \"${TARGET_BUILD_DIR}/${PUBLIC_HEADERS_FOLDER_PATH}/\" \"${BUILT_PRODUCTS_DIR}/${PRODUCT_NAME}.framework/Versions/A/Headers\"\n";
		};
		409CC65518F7071400781B75 /* ShellScript */ = {
			isa = PBXShellScriptBuildPhase;
			buildActionMask = 2147483647;
			files = (
			);
			inputPaths = (
			);
			outputPaths = (
			);
			runOnlyForDeploymentPostprocessing = 0;
			shellPath = /bin/sh;
			shellScript = "set -e\nset +u\n# Avoid recursively calling this script.\nif [[ $SF_MASTER_SCRIPT_RUNNING ]]\nthen\nexit 0\nfi\nset -u\nexport SF_MASTER_SCRIPT_RUNNING=1\n\nSF_TARGET_NAME=${PROJECT_NAME}\nSF_EXECUTABLE_PATH=\"lib${SF_TARGET_NAME}.a\"\nSF_WRAPPER_NAME=\"${SF_TARGET_NAME}.framework\"\n\n# The following conditionals come from\n# https://github.com/kstenerud/iOS-Universal-Framework\n\nif [[ \"$SDK_NAME\" =~ ([A-Za-z]+) ]]\nthen\nSF_SDK_PLATFORM=${BASH_REMATCH[1]}\nelse\necho \"Could not find platform name from SDK_NAME: $SDK_NAME\"\nexit 1\nfi\n\nif [[ \"$SDK_NAME\" =~ ([0-9]+.*$) ]]\nthen\nSF_SDK_VERSION=${BASH_REMATCH[1]}\nelse\necho \"Could not find sdk version from SDK_NAME: $SDK_NAME\"\nexit 1\nfi\n\nif [[ \"$SF_SDK_PLATFORM\" = \"iphoneos\" ]]\nthen\nSF_OTHER_PLATFORM=iphonesimulator\nelse\nSF_OTHER_PLATFORM=iphoneos\nfi\n\nif [[ \"$BUILT_PRODUCTS_DIR\" =~ (.*)$SF_SDK_PLATFORM$ ]]\nthen\nSF_OTHER_BUILT_PRODUCTS_DIR=\"${BASH_REMATCH[1]}${SF_OTHER_PLATFORM}\"\nelse\necho \"Could not find platform name from build products directory: $BUILT_PRODUCTS_DIR\"\nexit 1\nfi\n\n# Build the other platform.\nxcrun xcodebuild -project \"${PROJECT_FILE_PATH}\" -target \"${TARGET_NAME}\" -configuration \"${CONFIGURATION}\" -sdk ${SF_OTHER_PLATFORM}${SF_SDK_VERSION} BUILD_DIR=\"${BUILD_DIR}\" OBJROOT=\"${OBJROOT}\" BUILD_ROOT=\"${BUILD_ROOT}\" SYMROOT=\"${SYMROOT}\" $ACTION\n\n# Smash the two static libraries into one fat binary and store it in the .framework\nxcrun lipo -create \"${BUILT_PRODUCTS_DIR}/${SF_EXECUTABLE_PATH}\" \"${SF_OTHER_BUILT_PRODUCTS_DIR}/${SF_EXECUTABLE_PATH}\" -output \"${BUILT_PRODUCTS_DIR}/${SF_WRAPPER_NAME}/Versions/A/${SF_TARGET_NAME}\"\n\n# Copy the binary to the other architecture folder to have a complete framework in both.\ncp -a \"${BUILT_PRODUCTS_DIR}/${SF_WRAPPER_NAME}/Versions/A/${SF_TARGET_NAME}\" \"${SF_OTHER_BUILT_PRODUCTS_DIR}/${SF_WRAPPER_NAME}/Versions/A/${SF_TARGET_NAME}\"\n";
		};
/* End PBXShellScriptBuildPhase section */

/* Begin PBXSourcesBuildPhase section */
		409CC67A18F724E300781B75 /* Sources */ = {
			isa = PBXSourcesBuildPhase;
			buildActionMask = 2147483647;
			files = (
			);
			runOnlyForDeploymentPostprocessing = 0;
		};
		409CC6D618F8422A00781B75 /* Sources */ = {
			isa = PBXSourcesBuildPhase;
			buildActionMask = 2147483647;
			files = (
				409CC6EA18F8422A00781B75 /* AppDelegate.m in Sources */,
				409CC6E618F8422A00781B75 /* main.m in Sources */,
			);
			runOnlyForDeploymentPostprocessing = 0;
		};
		925D534AC0FBF8C6D8F55917 /* Sources */ = {
			isa = PBXSourcesBuildPhase;
			buildActionMask = 2147483647;
			files = (
				409CC6D318F8297800781B75 /* AFURLRequestSerialization.m in Sources */,
				409CC6D218F8297800781B75 /* AFURLConnectionOperation.m in Sources */,
				409CC6D118F8297800781B75 /* AFSecurityPolicy.m in Sources */,
				409CC6CD18F8297800781B75 /* AFHTTPRequestOperation.m in Sources */,
				409CC6D518F8297800781B75 /* AFURLSessionManager.m in Sources */,
				409CC6D418F8297800781B75 /* AFURLResponseSerialization.m in Sources */,
				925D51AC7BE3BE035CAAFF0D /* GAEChannelTests.m in Sources */,
				409CC6CF18F8297800781B75 /* AFHTTPSessionManager.m in Sources */,
				409CC6CE18F8297800781B75 /* AFHTTPRequestOperationManager.m in Sources */,
				409CC6D018F8297800781B75 /* AFNetworkReachabilityManager.m in Sources */,
				925D51A6DD5B5728B0884A1B /* XCTestCase+AsyncTesting.m in Sources */,
			);
			runOnlyForDeploymentPostprocessing = 0;
		};
		925D5AEC78C4A375C9311937 /* Sources */ = {
			isa = PBXSourcesBuildPhase;
			buildActionMask = 2147483647;
			files = (
				925D5B361CC6FFCF41901812 /* GAEChannel.m in Sources */,
			);
			runOnlyForDeploymentPostprocessing = 0;
		};
/* End PBXSourcesBuildPhase section */

/* Begin PBXTargetDependency section */
		409CC65418F7070600781B75 /* PBXTargetDependency */ = {
			isa = PBXTargetDependency;
			target = 925D5721DB3EF02D70A6DF85 /* GAEChannel */;
			targetProxy = 409CC65318F7070600781B75 /* PBXContainerItemProxy */;
		};
		409CC68B18F724F900781B75 /* PBXTargetDependency */ = {
			isa = PBXTargetDependency;
			target = 409CC67D18F724E300781B75 /* GAEChannelResources */;
			targetProxy = 409CC68A18F724F900781B75 /* PBXContainerItemProxy */;
		};
		409CC70618F842E400781B75 /* PBXTargetDependency */ = {
			isa = PBXTargetDependency;
			target = 409CC6D918F8422A00781B75 /* GAEChannelTestApp */;
			targetProxy = 409CC70518F842E400781B75 /* PBXContainerItemProxy */;
		};
		409CC70818F842EE00781B75 /* PBXTargetDependency */ = {
			isa = PBXTargetDependency;
			target = 409CC67D18F724E300781B75 /* GAEChannelResources */;
			targetProxy = 409CC70718F842EE00781B75 /* PBXContainerItemProxy */;
		};
		925D5377FDD7CD87C05EE1D6 /* PBXTargetDependency */ = {
			isa = PBXTargetDependency;
			target = 925D5721DB3EF02D70A6DF85 /* GAEChannel */;
			targetProxy = 925D5826B8D264FF4A7D0ACE /* PBXContainerItemProxy */;
		};
/* End PBXTargetDependency section */

/* Begin PBXVariantGroup section */
		409CC68318F724E300781B75 /* InfoPlist.strings */ = {
			isa = PBXVariantGroup;
			children = (
				409CC68418F724E300781B75 /* en */,
			);
			name = InfoPlist.strings;
			sourceTree = "<group>";
		};
		409CC6E218F8422A00781B75 /* InfoPlist.strings */ = {
			isa = PBXVariantGroup;
			children = (
				409CC6E318F8422A00781B75 /* en */,
			);
			name = InfoPlist.strings;
			sourceTree = "<group>";
		};
		925D5AFE7DC3ADA06D630422 /* InfoPlist.strings */ = {
			isa = PBXVariantGroup;
			children = (
				925D5193AF76D7BE6A9D67CB /* en */,
			);
			name = InfoPlist.strings;
			sourceTree = "<group>";
		};
/* End PBXVariantGroup section */

/* Begin XCBuildConfiguration section */
		409CC65118F706F100781B75 /* Release */ = {
			isa = XCBuildConfiguration;
			buildSettings = {
				PRODUCT_NAME = "$(TARGET_NAME)";
			};
			name = Release;
		};
		409CC65218F706F100781B75 /* Debug */ = {
			isa = XCBuildConfiguration;
			buildSettings = {
				PRODUCT_NAME = "$(TARGET_NAME)";
			};
			name = Debug;
		};
		409CC68818F724E300781B75 /* Release */ = {
			isa = XCBuildConfiguration;
			buildSettings = {
				COMBINE_HIDPI_IMAGES = NO;
				COPY_PHASE_STRIP = YES;
				DEBUG_INFORMATION_FORMAT = "dwarf-with-dsym";
				GCC_ENABLE_OBJC_EXCEPTIONS = YES;
				GCC_PRECOMPILE_PREFIX_HEADER = YES;
				GCC_PREFIX_HEADER = "GAEChannelResources/GAEChannelResources-Prefix.pch";
				INFOPLIST_FILE = "GAEChannelResources/GAEChannelResources-Info.plist";
				INSTALL_PATH = "$(LOCAL_LIBRARY_DIR)/Bundles";
				MACOSX_DEPLOYMENT_TARGET = 10.9;
				ONLY_ACTIVE_ARCH = NO;
				PRODUCT_NAME = GAEChannel;
				SDKROOT = macosx;
				WRAPPER_EXTENSION = bundle;
			};
			name = Release;
		};
		409CC68918F724E300781B75 /* Debug */ = {
			isa = XCBuildConfiguration;
			buildSettings = {
				COMBINE_HIDPI_IMAGES = NO;
				GCC_ENABLE_OBJC_EXCEPTIONS = YES;
				GCC_PRECOMPILE_PREFIX_HEADER = YES;
				GCC_PREFIX_HEADER = "GAEChannelResources/GAEChannelResources-Prefix.pch";
				GCC_PREPROCESSOR_DEFINITIONS = (
					"DEBUG=1",
					"$(inherited)",
				);
				INFOPLIST_FILE = "GAEChannelResources/GAEChannelResources-Info.plist";
				INSTALL_PATH = "$(LOCAL_LIBRARY_DIR)/Bundles";
				MACOSX_DEPLOYMENT_TARGET = 10.9;
				ONLY_ACTIVE_ARCH = NO;
				PRODUCT_NAME = GAEChannel;
				SDKROOT = macosx;
				WRAPPER_EXTENSION = bundle;
			};
			name = Debug;
		};
		409CC70018F8422A00781B75 /* Release */ = {
			isa = XCBuildConfiguration;
			buildSettings = {
				ASSETCATALOG_COMPILER_APPICON_NAME = AppIcon;
				ASSETCATALOG_COMPILER_LAUNCHIMAGE_NAME = LaunchImage;
				"CODE_SIGN_IDENTITY[sdk=iphoneos*]" = "iPhone Developer";
				COPY_PHASE_STRIP = YES;
				GCC_PRECOMPILE_PREFIX_HEADER = YES;
				GCC_PREFIX_HEADER = "GAEChannelTestApp/GAEChannelTestApp-Prefix.pch";
				INFOPLIST_FILE = "GAEChannelTestApp/GAEChannelTestApp-Info.plist";
				PRODUCT_NAME = "$(TARGET_NAME)";
				WRAPPER_EXTENSION = app;
			};
			name = Release;
		};
		409CC70118F8422A00781B75 /* Debug */ = {
			isa = XCBuildConfiguration;
			buildSettings = {
				ASSETCATALOG_COMPILER_APPICON_NAME = AppIcon;
				ASSETCATALOG_COMPILER_LAUNCHIMAGE_NAME = LaunchImage;
				"CODE_SIGN_IDENTITY[sdk=iphoneos*]" = "iPhone Developer";
				GCC_PRECOMPILE_PREFIX_HEADER = YES;
				GCC_PREFIX_HEADER = "GAEChannelTestApp/GAEChannelTestApp-Prefix.pch";
				GCC_PREPROCESSOR_DEFINITIONS = (
					"DEBUG=1",
					"$(inherited)",
				);
				INFOPLIST_FILE = "GAEChannelTestApp/GAEChannelTestApp-Info.plist";
				PRODUCT_NAME = "$(TARGET_NAME)";
				WRAPPER_EXTENSION = app;
			};
			name = Debug;
		};
		925D554B80FC8D3585358FE6 /* Debug */ = {
			isa = XCBuildConfiguration;
			buildSettings = {
				ALWAYS_SEARCH_USER_PATHS = NO;
				CLANG_CXX_LANGUAGE_STANDARD = "gnu++0x";
				CLANG_CXX_LIBRARY = "libc++";
				CLANG_ENABLE_MODULES = YES;
				CLANG_ENABLE_OBJC_ARC = YES;
				CLANG_WARN_BOOL_CONVERSION = YES;
				CLANG_WARN_CONSTANT_CONVERSION = YES;
				CLANG_WARN_DIRECT_OBJC_ISA_USAGE = YES_ERROR;
				CLANG_WARN_EMPTY_BODY = YES;
				CLANG_WARN_ENUM_CONVERSION = YES;
				CLANG_WARN_INT_CONVERSION = YES;
				CLANG_WARN_OBJC_ROOT_CLASS = YES_ERROR;
				CLANG_WARN__DUPLICATE_METHOD_MATCH = YES;
				COPY_PHASE_STRIP = NO;
				CURRENT_PROJECT_VERSION = 0.1;
				DEAD_CODE_STRIPPING = NO;
				GCC_C_LANGUAGE_STANDARD = gnu99;
				GCC_DYNAMIC_NO_PIC = NO;
				GCC_OPTIMIZATION_LEVEL = 0;
				GCC_PREPROCESSOR_DEFINITIONS = (
					"DEBUG=1",
					"$(inherited)",
				);
				GCC_SYMBOLS_PRIVATE_EXTERN = NO;
				GCC_WARN_64_TO_32_BIT_CONVERSION = YES;
				GCC_WARN_ABOUT_RETURN_TYPE = YES_ERROR;
				GCC_WARN_UNDECLARED_SELECTOR = YES;
				GCC_WARN_UNINITIALIZED_AUTOS = YES_AGGRESSIVE;
				GCC_WARN_UNUSED_FUNCTION = YES;
				GCC_WARN_UNUSED_VARIABLE = YES;
				IPHONEOS_DEPLOYMENT_TARGET = 7.1;
				ONLY_ACTIVE_ARCH = YES;
				SDKROOT = iphoneos;
				STRIP_STYLE = "non-global";
			};
			name = Debug;
		};
		925D59924B19D7935BC74C0A /* Debug */ = {
			isa = XCBuildConfiguration;
			buildSettings = {
				BUNDLE_LOADER = "$(BUILT_PRODUCTS_DIR)/GAEChannelTestApp.app/GAEChannelTestApp";
				FRAMEWORK_SEARCH_PATHS = (
					"$(SDKROOT)/Developer/Library/Frameworks",
					"$(inherited)",
				);
				GCC_PRECOMPILE_PREFIX_HEADER = YES;
				GCC_PREFIX_HEADER = "GAEChannel/GAEChannel-Prefix.pch";
				INFOPLIST_FILE = "GAEChannelTests/GAEChannelTests-Info.plist";
				PRODUCT_NAME = "$(TARGET_NAME)";
				TEST_HOST = "$(BUNDLE_LOADER)";
				WRAPPER_EXTENSION = xctest;
			};
			name = Debug;
		};
		925D5AB510B97DAAEE0B6AD8 /* Release */ = {
			isa = XCBuildConfiguration;
			buildSettings = {
				BUNDLE_LOADER = "$(BUILT_PRODUCTS_DIR)/GAEChannelTestApp.app/GAEChannelTestApp";
				FRAMEWORK_SEARCH_PATHS = (
					"$(SDKROOT)/Developer/Library/Frameworks",
					"$(inherited)",
				);
				GCC_PRECOMPILE_PREFIX_HEADER = YES;
				GCC_PREFIX_HEADER = "GAEChannel/GAEChannel-Prefix.pch";
				INFOPLIST_FILE = "GAEChannelTests/GAEChannelTests-Info.plist";
				PRODUCT_NAME = "$(TARGET_NAME)";
				TEST_HOST = "$(BUNDLE_LOADER)";
				WRAPPER_EXTENSION = xctest;
			};
			name = Release;
		};
		925D5B1DBC16BB824A0AA6E8 /* Debug */ = {
			isa = XCBuildConfiguration;
			buildSettings = {
				COPY_PHASE_STRIP = NO;
				CURRENT_PROJECT_VERSION = "";
				DEAD_CODE_STRIPPING = NO;
				DSTROOT = /tmp/GAEChannel.dst;
				GCC_PRECOMPILE_PREFIX_HEADER = YES;
				GCC_PREFIX_HEADER = "GAEChannel/GAEChannel-Prefix.pch";
				OTHER_LDFLAGS = "";
				PRODUCT_NAME = "$(TARGET_NAME)";
				PUBLIC_HEADERS_FOLDER_PATH = "include/${PROJECT_NAME}";
				SKIP_INSTALL = YES;
				STRIP_STYLE = "non-global";
			};
			name = Debug;
		};
		925D5C317BD790E72675E993 /* Release */ = {
			isa = XCBuildConfiguration;
			buildSettings = {
				ALWAYS_SEARCH_USER_PATHS = NO;
				CLANG_CXX_LANGUAGE_STANDARD = "gnu++0x";
				CLANG_CXX_LIBRARY = "libc++";
				CLANG_ENABLE_MODULES = YES;
				CLANG_ENABLE_OBJC_ARC = YES;
				CLANG_WARN_BOOL_CONVERSION = YES;
				CLANG_WARN_CONSTANT_CONVERSION = YES;
				CLANG_WARN_DIRECT_OBJC_ISA_USAGE = YES_ERROR;
				CLANG_WARN_EMPTY_BODY = YES;
				CLANG_WARN_ENUM_CONVERSION = YES;
				CLANG_WARN_INT_CONVERSION = YES;
				CLANG_WARN_OBJC_ROOT_CLASS = YES_ERROR;
				CLANG_WARN__DUPLICATE_METHOD_MATCH = YES;
				COPY_PHASE_STRIP = NO;
				CURRENT_PROJECT_VERSION = 0.1;
				DEAD_CODE_STRIPPING = NO;
				ENABLE_NS_ASSERTIONS = NO;
				GCC_C_LANGUAGE_STANDARD = gnu99;
				GCC_WARN_64_TO_32_BIT_CONVERSION = YES;
				GCC_WARN_ABOUT_RETURN_TYPE = YES_ERROR;
				GCC_WARN_UNDECLARED_SELECTOR = YES;
				GCC_WARN_UNINITIALIZED_AUTOS = YES_AGGRESSIVE;
				GCC_WARN_UNUSED_FUNCTION = YES;
				GCC_WARN_UNUSED_VARIABLE = YES;
				IPHONEOS_DEPLOYMENT_TARGET = 7.1;
				SDKROOT = iphoneos;
				STRIP_STYLE = "non-global";
				VALIDATE_PRODUCT = YES;
			};
			name = Release;
		};
		925D5F497CADE5C5C8C2018B /* Release */ = {
			isa = XCBuildConfiguration;
			buildSettings = {
				COPY_PHASE_STRIP = NO;
				CURRENT_PROJECT_VERSION = "";
				DEAD_CODE_STRIPPING = NO;
				DSTROOT = /tmp/GAEChannel.dst;
				GCC_PRECOMPILE_PREFIX_HEADER = YES;
				GCC_PREFIX_HEADER = "GAEChannel/GAEChannel-Prefix.pch";
				OTHER_LDFLAGS = "";
				PRODUCT_NAME = "$(TARGET_NAME)";
				PUBLIC_HEADERS_FOLDER_PATH = "include/${PROJECT_NAME}";
				SKIP_INSTALL = YES;
				STRIP_STYLE = "non-global";
			};
			name = Release;
		};
/* End XCBuildConfiguration section */

/* Begin XCConfigurationList section */
		409CC65018F706F100781B75 /* Build configuration list for PBXAggregateTarget "Framework" */ = {
			isa = XCConfigurationList;
			buildConfigurations = (
				409CC65118F706F100781B75 /* Release */,
				409CC65218F706F100781B75 /* Debug */,
			);
			defaultConfigurationIsVisible = 0;
			defaultConfigurationName = Release;
		};
		409CC68718F724E300781B75 /* Build configuration list for PBXNativeTarget "GAEChannelResources" */ = {
			isa = XCConfigurationList;
			buildConfigurations = (
				409CC68818F724E300781B75 /* Release */,
				409CC68918F724E300781B75 /* Debug */,
			);
			defaultConfigurationIsVisible = 0;
			defaultConfigurationName = Release;
		};
		409CC6FF18F8422A00781B75 /* Build configuration list for PBXNativeTarget "GAEChannelTestApp" */ = {
			isa = XCConfigurationList;
			buildConfigurations = (
				409CC70018F8422A00781B75 /* Release */,
				409CC70118F8422A00781B75 /* Debug */,
			);
			defaultConfigurationIsVisible = 0;
		};
		925D5144F739E3B7F29491A7 /* Build configuration list for PBXProject "GAEChannel" */ = {
			isa = XCConfigurationList;
			buildConfigurations = (
				925D5C317BD790E72675E993 /* Release */,
				925D554B80FC8D3585358FE6 /* Debug */,
			);
			defaultConfigurationIsVisible = 0;
			defaultConfigurationName = Release;
		};
		925D5313C267264EB03F2256 /* Build configuration list for PBXNativeTarget "GAEChannelTests" */ = {
			isa = XCConfigurationList;
			buildConfigurations = (
				925D5AB510B97DAAEE0B6AD8 /* Release */,
				925D59924B19D7935BC74C0A /* Debug */,
			);
			defaultConfigurationIsVisible = 0;
			defaultConfigurationName = Release;
		};
		925D5407EAC88D5F7A41F37A /* Build configuration list for PBXNativeTarget "GAEChannel" */ = {
			isa = XCConfigurationList;
			buildConfigurations = (
				925D5F497CADE5C5C8C2018B /* Release */,
				925D5B1DBC16BB824A0AA6E8 /* Debug */,
			);
			defaultConfigurationIsVisible = 0;
			defaultConfigurationName = Release;
		};
/* End XCConfigurationList section */
	};
	rootObject = 925D56CA00A4A36F340D3995 /* Project object */;
}
